
Microsoft Visual Studio Solution File, Format Version 12.00
# Visual Studio Version 16
VisualStudioVersion = 16.0.33423.256
MinimumVisualStudioVersion = 10.0.40219.1
Project("{FAE04EC0-301F-11D3-BF4B-00C04F79EFBC}") = "CallingAMethodAssignment", "CallingAMethodAssignment\CallingAMethodAssignment.csproj", "{39B319E8-BDC2-4B30-9409-F275AA8FE314}"
EndProject
Global
	GlobalSection(SolutionConfigurationPlatforms) = preSolution
		Debug|Any CPU = Debug|Any CPU
		Release|Any CPU = Release|Any CPU
	EndGlobalSection
	GlobalSection(ProjectConfigurationPlatforms) = postSolution
		{39B319E8-BDC2-4B30-9409-F275AA8FE314}.Debug|Any CPU.ActiveCfg = Debug|Any CPU
		{39B319E8-BDC2-4B30-9409-F275AA8FE314}.Debug|Any CPU.Build.0 = Debug|Any CPU
		{39B319E8-BDC2-4B30-9409-F275AA8FE314}.Release|Any CPU.ActiveCfg = Release|Any CPU
		{39B319E8-BDC2-4B30-9409-F275AA8FE314}.Release|Any CPU.Build.0 = Release|Any CPU
	EndGlobalSection
	GlobalSection(SolutionProperties) = preSolution
		HideSolutionNode = FALSE
	EndGlobalSection
	GlobalSection(ExtensibilityGlobals) = postSolution
		SolutionGuid = {FF1680B1-748E-4EA1-ABC5-C10677C06DEE}
	EndGlobalSection
EndGlobal
