
Microsoft Visual Studio Solution File, Format Version 12.00
# Visual Studio Version 16
VisualStudioVersion = 16.0.33423.256
MinimumVisualStudioVersion = 10.0.40219.1
Project("{FAE04EC0-301F-11D3-BF4B-00C04F79EFBC}") = "ComparisonOperator", "ComparisonOperator\ComparisonOperator.csproj", "{D1D2EFF5-BDF0-45DD-A044-68027E793B31}"
EndProject
Global
	GlobalSection(SolutionConfigurationPlatforms) = preSolution
		Debug|Any CPU = Debug|Any CPU
		Release|Any CPU = Release|Any CPU
	EndGlobalSection
	GlobalSection(ProjectConfigurationPlatforms) = postSolution
		{D1D2EFF5-BDF0-45DD-A044-68027E793B31}.Debug|Any CPU.ActiveCfg = Debug|Any CPU
		{D1D2EFF5-BDF0-45DD-A044-68027E793B31}.Debug|Any CPU.Build.0 = Debug|Any CPU
		{D1D2EFF5-BDF0-45DD-A044-68027E793B31}.Release|Any CPU.ActiveCfg = Release|Any CPU
		{D1D2EFF5-BDF0-45DD-A044-68027E793B31}.Release|Any CPU.Build.0 = Release|Any CPU
	EndGlobalSection
	GlobalSection(SolutionProperties) = preSolution
		HideSolutionNode = FALSE
	EndGlobalSection
	GlobalSection(ExtensibilityGlobals) = postSolution
		SolutionGuid = {57B5F4DF-E233-423F-BE03-887D9B8F2A1E}
	EndGlobalSection
EndGlobal
