
Microsoft Visual Studio Solution File, Format Version 12.00
# Visual Studio Version 16
VisualStudioVersion = 16.0.33423.256
MinimumVisualStudioVersion = 10.0.40219.1
Project("{FAE04EC0-301F-11D3-BF4B-00C04F79EFBC}") = "CarInsurance", "CarInsurance\CarInsurance.csproj", "{8ED45F0F-7EA5-488F-AD5B-CC8E54D10F79}"
EndProject
Global
	GlobalSection(SolutionConfigurationPlatforms) = preSolution
		Debug|Any CPU = Debug|Any CPU
		Release|Any CPU = Release|Any CPU
	EndGlobalSection
	GlobalSection(ProjectConfigurationPlatforms) = postSolution
		{8ED45F0F-7EA5-488F-AD5B-CC8E54D10F79}.Debug|Any CPU.ActiveCfg = Debug|Any CPU
		{8ED45F0F-7EA5-488F-AD5B-CC8E54D10F79}.Debug|Any CPU.Build.0 = Debug|Any CPU
		{8ED45F0F-7EA5-488F-AD5B-CC8E54D10F79}.Release|Any CPU.ActiveCfg = Release|Any CPU
		{8ED45F0F-7EA5-488F-AD5B-CC8E54D10F79}.Release|Any CPU.Build.0 = Release|Any CPU
	EndGlobalSection
	GlobalSection(SolutionProperties) = preSolution
		HideSolutionNode = FALSE
	EndGlobalSection
	GlobalSection(ExtensibilityGlobals) = postSolution
		SolutionGuid = {892DA3AF-F459-46CD-8566-6F4BE146EA73}
	EndGlobalSection
EndGlobal
