
Microsoft Visual Studio Solution File, Format Version 12.00
# Visual Studio Version 16
VisualStudioVersion = 16.0.33423.256
MinimumVisualStudioVersion = 10.0.40219.1
Project("{FAE04EC0-301F-11D3-BF4B-00C04F79EFBC}") = "Constructor Assignment", "Constructor Assignment\Constructor Assignment.csproj", "{27E9BED7-5F2A-4258-9C3B-06E398C8D7B5}"
EndProject
Global
	GlobalSection(SolutionConfigurationPlatforms) = preSolution
		Debug|Any CPU = Debug|Any CPU
		Release|Any CPU = Release|Any CPU
	EndGlobalSection
	GlobalSection(ProjectConfigurationPlatforms) = postSolution
		{27E9BED7-5F2A-4258-9C3B-06E398C8D7B5}.Debug|Any CPU.ActiveCfg = Debug|Any CPU
		{27E9BED7-5F2A-4258-9C3B-06E398C8D7B5}.Debug|Any CPU.Build.0 = Debug|Any CPU
		{27E9BED7-5F2A-4258-9C3B-06E398C8D7B5}.Release|Any CPU.ActiveCfg = Release|Any CPU
		{27E9BED7-5F2A-4258-9C3B-06E398C8D7B5}.Release|Any CPU.Build.0 = Release|Any CPU
	EndGlobalSection
	GlobalSection(SolutionProperties) = preSolution
		HideSolutionNode = FALSE
	EndGlobalSection
	GlobalSection(ExtensibilityGlobals) = postSolution
		SolutionGuid = {AA6BF350-CF0C-45B9-B44C-B80A0DEEBF78}
	EndGlobalSection
EndGlobal
