
Microsoft Visual Studio Solution File, Format Version 12.00
# Visual Studio Version 16
VisualStudioVersion = 16.0.33423.256
MinimumVisualStudioVersion = 10.0.40219.1
Project("{FAE04EC0-301F-11D3-BF4B-00C04F79EFBC}") = "Strings and Integers Assignment", "ExceptionHandling\Strings and Integers Assignment.csproj", "{68DAD235-2095-4420-9EDD-D20AD05A6022}"
EndProject
Global
	GlobalSection(SolutionConfigurationPlatforms) = preSolution
		Debug|Any CPU = Debug|Any CPU
		Release|Any CPU = Release|Any CPU
	EndGlobalSection
	GlobalSection(ProjectConfigurationPlatforms) = postSolution
		{68DAD235-2095-4420-9EDD-D20AD05A6022}.Debug|Any CPU.ActiveCfg = Debug|Any CPU
		{68DAD235-2095-4420-9EDD-D20AD05A6022}.Debug|Any CPU.Build.0 = Debug|Any CPU
		{68DAD235-2095-4420-9EDD-D20AD05A6022}.Release|Any CPU.ActiveCfg = Release|Any CPU
		{68DAD235-2095-4420-9EDD-D20AD05A6022}.Release|Any CPU.Build.0 = Release|Any CPU
	EndGlobalSection
	GlobalSection(SolutionProperties) = preSolution
		HideSolutionNode = FALSE
	EndGlobalSection
	GlobalSection(ExtensibilityGlobals) = postSolution
		SolutionGuid = {99535F60-548B-4D45-81C9-969DE7A654CF}
	EndGlobalSection
EndGlobal
