
Microsoft Visual Studio Solution File, Format Version 12.00
# Visual Studio Version 16
VisualStudioVersion = 16.0.33423.256
MinimumVisualStudioVersion = 10.0.40219.1
Project("{FAE04EC0-301F-11D3-BF4B-00C04F79EFBC}") = "BStudentDB", "BStudentDB\BStudentDB.csproj", "{69254B8F-CEC5-497B-8A5B-5EEF9218EEDD}"
EndProject
Global
	GlobalSection(SolutionConfigurationPlatforms) = preSolution
		Debug|Any CPU = Debug|Any CPU
		Release|Any CPU = Release|Any CPU
	EndGlobalSection
	GlobalSection(ProjectConfigurationPlatforms) = postSolution
		{69254B8F-CEC5-497B-8A5B-5EEF9218EEDD}.Debug|Any CPU.ActiveCfg = Debug|Any CPU
		{69254B8F-CEC5-497B-8A5B-5EEF9218EEDD}.Debug|Any CPU.Build.0 = Debug|Any CPU
		{69254B8F-CEC5-497B-8A5B-5EEF9218EEDD}.Release|Any CPU.ActiveCfg = Release|Any CPU
		{69254B8F-CEC5-497B-8A5B-5EEF9218EEDD}.Release|Any CPU.Build.0 = Release|Any CPU
	EndGlobalSection
	GlobalSection(SolutionProperties) = preSolution
		HideSolutionNode = FALSE
	EndGlobalSection
	GlobalSection(ExtensibilityGlobals) = postSolution
		SolutionGuid = {5BB836FA-F1BA-4037-8433-F7CB1F87D86F}
	EndGlobalSection
EndGlobal
