
Microsoft Visual Studio Solution File, Format Version 12.00
# Visual Studio Version 16
VisualStudioVersion = 16.0.33423.256
MinimumVisualStudioVersion = 10.0.40219.1
Project("{FAE04EC0-301F-11D3-BF4B-00C04F79EFBC}") = "WhileLoop", "WhileLoop\WhileLoop.csproj", "{AE655040-B1FA-434C-94E9-DEA283617920}"
EndProject
Global
	GlobalSection(SolutionConfigurationPlatforms) = preSolution
		Debug|Any CPU = Debug|Any CPU
		Release|Any CPU = Release|Any CPU
	EndGlobalSection
	GlobalSection(ProjectConfigurationPlatforms) = postSolution
		{AE655040-B1FA-434C-94E9-DEA283617920}.Debug|Any CPU.ActiveCfg = Debug|Any CPU
		{AE655040-B1FA-434C-94E9-DEA283617920}.Debug|Any CPU.Build.0 = Debug|Any CPU
		{AE655040-B1FA-434C-94E9-DEA283617920}.Release|Any CPU.ActiveCfg = Release|Any CPU
		{AE655040-B1FA-434C-94E9-DEA283617920}.Release|Any CPU.Build.0 = Release|Any CPU
	EndGlobalSection
	GlobalSection(SolutionProperties) = preSolution
		HideSolutionNode = FALSE
	EndGlobalSection
	GlobalSection(ExtensibilityGlobals) = postSolution
		SolutionGuid = {794367D1-754B-4DF3-AA13-BF02D330DB20}
	EndGlobalSection
EndGlobal
