
Microsoft Visual Studio Solution File, Format Version 12.00
# Visual Studio Version 16
VisualStudioVersion = 16.0.33423.256
MinimumVisualStudioVersion = 10.0.40219.1
Project("{FAE04EC0-301F-11D3-BF4B-00C04F79EFBC}") = "Lambda Expression Assignment", "Lambda Expression Assignment\Lambda Expression Assignment.csproj", "{B8AAF542-8B18-49B9-9E03-AB62E4B8FBC2}"
EndProject
Global
	GlobalSection(SolutionConfigurationPlatforms) = preSolution
		Debug|Any CPU = Debug|Any CPU
		Release|Any CPU = Release|Any CPU
	EndGlobalSection
	GlobalSection(ProjectConfigurationPlatforms) = postSolution
		{B8AAF542-8B18-49B9-9E03-AB62E4B8FBC2}.Debug|Any CPU.ActiveCfg = Debug|Any CPU
		{B8AAF542-8B18-49B9-9E03-AB62E4B8FBC2}.Debug|Any CPU.Build.0 = Debug|Any CPU
		{B8AAF542-8B18-49B9-9E03-AB62E4B8FBC2}.Release|Any CPU.ActiveCfg = Release|Any CPU
		{B8AAF542-8B18-49B9-9E03-AB62E4B8FBC2}.Release|Any CPU.Build.0 = Release|Any CPU
	EndGlobalSection
	GlobalSection(SolutionProperties) = preSolution
		HideSolutionNode = FALSE
	EndGlobalSection
	GlobalSection(ExtensibilityGlobals) = postSolution
		SolutionGuid = {55B42070-10F6-4B4A-9CA4-34B55D5BCF8E}
	EndGlobalSection
EndGlobal
