
Microsoft Visual Studio Solution File, Format Version 12.00
# Visual Studio Version 16
VisualStudioVersion = 16.0.33423.256
MinimumVisualStudioVersion = 10.0.40219.1
Project("{FAE04EC0-301F-11D3-BF4B-00C04F79EFBC}") = "AbstractClassAssignment", "AbstractClassAssignment\AbstractClassAssignment.csproj", "{646C7921-ECFE-470C-8B25-E1E3FB8F2002}"
EndProject
Global
	GlobalSection(SolutionConfigurationPlatforms) = preSolution
		Debug|Any CPU = Debug|Any CPU
		Release|Any CPU = Release|Any CPU
	EndGlobalSection
	GlobalSection(ProjectConfigurationPlatforms) = postSolution
		{646C7921-ECFE-470C-8B25-E1E3FB8F2002}.Debug|Any CPU.ActiveCfg = Debug|Any CPU
		{646C7921-ECFE-470C-8B25-E1E3FB8F2002}.Debug|Any CPU.Build.0 = Debug|Any CPU
		{646C7921-ECFE-470C-8B25-E1E3FB8F2002}.Release|Any CPU.ActiveCfg = Release|Any CPU
		{646C7921-ECFE-470C-8B25-E1E3FB8F2002}.Release|Any CPU.Build.0 = Release|Any CPU
	EndGlobalSection
	GlobalSection(SolutionProperties) = preSolution
		HideSolutionNode = FALSE
	EndGlobalSection
	GlobalSection(ExtensibilityGlobals) = postSolution
		SolutionGuid = {4E879F99-865D-435B-9D09-9CFA1E55A8D8}
	EndGlobalSection
EndGlobal
