
Microsoft Visual Studio Solution File, Format Version 12.00
# Visual Studio Version 16
VisualStudioVersion = 16.0.33423.256
MinimumVisualStudioVersion = 10.0.40219.1
Project("{FAE04EC0-301F-11D3-BF4B-00C04F79EFBC}") = "SixAssignments", "SixAssignments\SixAssignments.csproj", "{8B8AEE45-76C4-4BB5-BD59-AF35B4A84646}"
EndProject
Global
	GlobalSection(SolutionConfigurationPlatforms) = preSolution
		Debug|Any CPU = Debug|Any CPU
		Release|Any CPU = Release|Any CPU
	EndGlobalSection
	GlobalSection(ProjectConfigurationPlatforms) = postSolution
		{8B8AEE45-76C4-4BB5-BD59-AF35B4A84646}.Debug|Any CPU.ActiveCfg = Debug|Any CPU
		{8B8AEE45-76C4-4BB5-BD59-AF35B4A84646}.Debug|Any CPU.Build.0 = Debug|Any CPU
		{8B8AEE45-76C4-4BB5-BD59-AF35B4A84646}.Release|Any CPU.ActiveCfg = Release|Any CPU
		{8B8AEE45-76C4-4BB5-BD59-AF35B4A84646}.Release|Any CPU.Build.0 = Release|Any CPU
	EndGlobalSection
	GlobalSection(SolutionProperties) = preSolution
		HideSolutionNode = FALSE
	EndGlobalSection
	GlobalSection(ExtensibilityGlobals) = postSolution
		SolutionGuid = {951D1BFE-0CC6-4470-B452-BF2803DF936C}
	EndGlobalSection
EndGlobal
