
Microsoft Visual Studio Solution File, Format Version 12.00
# Visual Studio Version 16
VisualStudioVersion = 16.0.33423.256
MinimumVisualStudioVersion = 10.0.40219.1
Project("{FAE04EC0-301F-11D3-BF4B-00C04F79EFBC}") = "StringsAssignment", "StringsAssignment\StringsAssignment.csproj", "{767DD057-A077-43D0-9DD7-8E59A7185DE4}"
EndProject
Global
	GlobalSection(SolutionConfigurationPlatforms) = preSolution
		Debug|Any CPU = Debug|Any CPU
		Release|Any CPU = Release|Any CPU
	EndGlobalSection
	GlobalSection(ProjectConfigurationPlatforms) = postSolution
		{767DD057-A077-43D0-9DD7-8E59A7185DE4}.Debug|Any CPU.ActiveCfg = Debug|Any CPU
		{767DD057-A077-43D0-9DD7-8E59A7185DE4}.Debug|Any CPU.Build.0 = Debug|Any CPU
		{767DD057-A077-43D0-9DD7-8E59A7185DE4}.Release|Any CPU.ActiveCfg = Release|Any CPU
		{767DD057-A077-43D0-9DD7-8E59A7185DE4}.Release|Any CPU.Build.0 = Release|Any CPU
	EndGlobalSection
	GlobalSection(SolutionProperties) = preSolution
		HideSolutionNode = FALSE
	EndGlobalSection
	GlobalSection(ExtensibilityGlobals) = postSolution
		SolutionGuid = {4D86281D-6D7F-4226-B925-FD07EDD177C9}
	EndGlobalSection
EndGlobal
